
Microsoft Visual Studio Solution File, Format Version 12.00
# Visual Studio Version 17
VisualStudioVersion = 17.4.33213.308
MinimumVisualStudioVersion = 10.0.40219.1
Project("{FAE04EC0-301F-11D3-BF4B-00C04F79EFBC}") = "Deliverable5", "Deliverable5\Deliverable5.csproj", "{ADA61734-19EA-4311-AEDA-5D16E22A5942}"
EndProject
Global
	GlobalSection(SolutionConfigurationPlatforms) = preSolution
		Debug|Any CPU = Debug|Any CPU
		Release|Any CPU = Release|Any CPU
	EndGlobalSection
	GlobalSection(ProjectConfigurationPlatforms) = postSolution
		{ADA61734-19EA-4311-AEDA-5D16E22A5942}.Debug|Any CPU.ActiveCfg = Debug|Any CPU
		{ADA61734-19EA-4311-AEDA-5D16E22A5942}.Debug|Any CPU.Build.0 = Debug|Any CPU
		{ADA61734-19EA-4311-AEDA-5D16E22A5942}.Release|Any CPU.ActiveCfg = Release|Any CPU
		{ADA61734-19EA-4311-AEDA-5D16E22A5942}.Release|Any CPU.Build.0 = Release|Any CPU
	EndGlobalSection
	GlobalSection(SolutionProperties) = preSolution
		HideSolutionNode = FALSE
	EndGlobalSection
	GlobalSection(ExtensibilityGlobals) = postSolution
		SolutionGuid = {1D1DAEB8-F1F8-4618-AB99-14B45F3EBE57}
	EndGlobalSection
EndGlobal
